
Microsoft Visual Studio Solution File, Format Version 12.00
# Visual Studio 15
VisualStudioVersion = 15.0.34112.143
MinimumVisualStudioVersion = 10.0.40219.1
Project("{8BC9CEB8-8B4A-11D0-8D11-00A0C91BC942}") = "5.34", "5.34\5.34.vcxproj", "{23A7550B-B6C5-4CC4-82D0-526146CCEDE7}"
EndProject
Global
	GlobalSection(SolutionConfigurationPlatforms) = preSolution
		Debug|x64 = Debug|x64
		Debug|x86 = Debug|x86
		Release|x64 = Release|x64
		Release|x86 = Release|x86
	EndGlobalSection
	GlobalSection(ProjectConfigurationPlatforms) = postSolution
		{23A7550B-B6C5-4CC4-82D0-526146CCEDE7}.Debug|x64.ActiveCfg = Debug|x64
		{23A7550B-B6C5-4CC4-82D0-526146CCEDE7}.Debug|x64.Build.0 = Debug|x64
		{23A7550B-B6C5-4CC4-82D0-526146CCEDE7}.Debug|x86.ActiveCfg = Debug|Win32
		{23A7550B-B6C5-4CC4-82D0-526146CCEDE7}.Debug|x86.Build.0 = Debug|Win32
		{23A7550B-B6C5-4CC4-82D0-526146CCEDE7}.Release|x64.ActiveCfg = Release|x64
		{23A7550B-B6C5-4CC4-82D0-526146CCEDE7}.Release|x64.Build.0 = Release|x64
		{23A7550B-B6C5-4CC4-82D0-526146CCEDE7}.Release|x86.ActiveCfg = Release|Win32
		{23A7550B-B6C5-4CC4-82D0-526146CCEDE7}.Release|x86.Build.0 = Release|Win32
	EndGlobalSection
	GlobalSection(SolutionProperties) = preSolution
		HideSolutionNode = FALSE
	EndGlobalSection
	GlobalSection(ExtensibilityGlobals) = postSolution
		SolutionGuid = {89F39896-323D-4344-AB83-427FC75795D2}
	EndGlobalSection
EndGlobal
